{
  "name": "project",
  "version": "1.0.0",
  "lockfileVersion": 3,
  "requires": true,
  "packages": {
    "": {
      "name": "project",
      "version": "1.0.0",
      "license": "ISC",
      "dependencies": {
        "@chenglou/pretext": "^0.0.6"
      }
    },
    "node_modules/@chenglou/pretext": {
      "version": "0.0.6",
      "resolved": "https://registry.npmjs.org/@chenglou/pretext/-/pretext-0.0.6.tgz",
      "integrity": "sha512-U10s4tFeyu3oVHfXuNWwZSKqHXefhaigpcBkGj60qQFRJ+yUoQ+ez3cGJelP7BWDAB58HCgjcTSmOcg+77afBQ==",
      "license": "MIT"
    }
  }
}
